
Microsoft Visual Studio Solution File, Format Version 12.00
# Visual Studio Version 16
VisualStudioVersion = 25.0.1706.5
MinimumVisualStudioVersion = 10.0.40219.1
Project("{FAE04EC0-301F-11D3-BF4B-00C04F79EFBC}") = "TaskManager", "TaskManager\TaskManager.csproj", "{BDCEAD59-54FD-4D0A-88B2-5B64A276F9E7}"
EndProject
Global
	GlobalSection(SolutionConfigurationPlatforms) = preSolution
		Debug|Any CPU = Debug|Any CPU
		Release|Any CPU = Release|Any CPU
	EndGlobalSection
	GlobalSection(ProjectConfigurationPlatforms) = postSolution
		{BDCEAD59-54FD-4D0A-88B2-5B64A276F9E7}.Debug|Any CPU.ActiveCfg = Debug|Any CPU
		{BDCEAD59-54FD-4D0A-88B2-5B64A276F9E7}.Debug|Any CPU.Build.0 = Debug|Any CPU
		{BDCEAD59-54FD-4D0A-88B2-5B64A276F9E7}.Release|Any CPU.ActiveCfg = Release|Any CPU
		{BDCEAD59-54FD-4D0A-88B2-5B64A276F9E7}.Release|Any CPU.Build.0 = Release|Any CPU
	EndGlobalSection
	GlobalSection(SolutionProperties) = preSolution
		HideSolutionNode = FALSE
	EndGlobalSection
	GlobalSection(ExtensibilityGlobals) = postSolution
		SolutionGuid = {22254DAD-59ED-4BB2-8A32-E362C25E6269}
	EndGlobalSection
EndGlobal
